
Microsoft Visual Studio Solution File, Format Version 12.00
# Visual Studio Version 17
VisualStudioVersion = 17.4.33110.190
MinimumVisualStudioVersion = 10.0.40219.1
Project("{FAE04EC0-301F-11D3-BF4B-00C04F79EFBC}") = "RebrainRedis07.Task1.Console", "RebrainRedis07.Task1.Console\RebrainRedis07.Task1.Console.csproj", "{8236C7E9-1D89-4B62-802B-D8BA167B4A04}"
EndProject
Global
	GlobalSection(SolutionConfigurationPlatforms) = preSolution
		Debug|Any CPU = Debug|Any CPU
		Release|Any CPU = Release|Any CPU
	EndGlobalSection
	GlobalSection(ProjectConfigurationPlatforms) = postSolution
		{8236C7E9-1D89-4B62-802B-D8BA167B4A04}.Debug|Any CPU.ActiveCfg = Debug|Any CPU
		{8236C7E9-1D89-4B62-802B-D8BA167B4A04}.Debug|Any CPU.Build.0 = Debug|Any CPU
		{8236C7E9-1D89-4B62-802B-D8BA167B4A04}.Release|Any CPU.ActiveCfg = Release|Any CPU
		{8236C7E9-1D89-4B62-802B-D8BA167B4A04}.Release|Any CPU.Build.0 = Release|Any CPU
	EndGlobalSection
	GlobalSection(SolutionProperties) = preSolution
		HideSolutionNode = FALSE
	EndGlobalSection
	GlobalSection(ExtensibilityGlobals) = postSolution
		SolutionGuid = {0E94B3F0-222C-4C6E-A0EF-37BC4245B030}
	EndGlobalSection
EndGlobal
